// !$*UTF8*$!
{
	archiveVersion = 1;
	classes = {
	};
	objectVersion = 51;
	objects = {

/* Begin PBXBuildFile section */
		391D004B24720736004F56D8 /* Load.swift in Sources */ = {isa = PBXBuildFile; fileRef = 391D004124720735004F56D8 /* Load.swift */; };
		391D004C24720736004F56D8 /* Load+CoreDataProperties.swift in Sources */ = {isa = PBXBuildFile; fileRef = 391D004224720735004F56D8 /* Load+CoreDataProperties.swift */; };
		391D004D24720736004F56D8 /* Trip+CoreDataProperties.swift in Sources */ = {isa = PBXBuildFile; fileRef = 391D004324720735004F56D8 /* Trip+CoreDataProperties.swift */; };
		391D004E24720736004F56D8 /* Driver+CoreDataProperties.swift in Sources */ = {isa = PBXBuildFile; fileRef = 391D004424720736004F56D8 /* Driver+CoreDataProperties.swift */; };
		391D004F24720736004F56D8 /* TruckingOrder+CoreDataProperties.swift in Sources */ = {isa = PBXBuildFile; fileRef = 391D004524720736004F56D8 /* TruckingOrder+CoreDataProperties.swift */; };
		391D005024720736004F56D8 /* Coordinate+CoreDataProperties.swift in Sources */ = {isa = PBXBuildFile; fileRef = 391D004624720736004F56D8 /* Coordinate+CoreDataProperties.swift */; };
		391D005124720736004F56D8 /* Driver.swift in Sources */ = {isa = PBXBuildFile; fileRef = 391D004724720736004F56D8 /* Driver.swift */; };
		391D005224720736004F56D8 /* Coordinate.swift in Sources */ = {isa = PBXBuildFile; fileRef = 391D004824720736004F56D8 /* Coordinate.swift */; };
		391D005324720736004F56D8 /* Trip.swift in Sources */ = {isa = PBXBuildFile; fileRef = 391D004924720736004F56D8 /* Trip.swift */; };
		391D005424720736004F56D8 /* TruckingOrder.swift in Sources */ = {isa = PBXBuildFile; fileRef = 391D004A24720736004F56D8 /* TruckingOrder.swift */; };
		391D0452247361A7004F56D8 /* CoreDataHelper.swift in Sources */ = {isa = PBXBuildFile; fileRef = 391D0451247361A7004F56D8 /* CoreDataHelper.swift */; };
		397EE952247205F30044A274 /* DriverData.xcdatamodel in Sources */ = {isa = PBXBuildFile; fileRef = 397EE951247205F30044A274 /* DriverData.xcdatamodel */; };
		39BFA88F246EF6B50086807D /* UserService.swift in Sources */ = {isa = PBXBuildFile; fileRef = 39BFA88E246EF6B50086807D /* UserService.swift */; };
		39BFA891246EF6C40086807D /* DriverDataService.swift in Sources */ = {isa = PBXBuildFile; fileRef = 39BFA890246EF6C40086807D /* DriverDataService.swift */; };
		39BFA896246EF75F0086807D /* LoginView.swift in Sources */ = {isa = PBXBuildFile; fileRef = 39BFA895246EF75F0086807D /* LoginView.swift */; };
		39BFA898246EF76A0086807D /* MapView.swift in Sources */ = {isa = PBXBuildFile; fileRef = 39BFA897246EF76A0086807D /* MapView.swift */; };
		39BFA89B246EF8030086807D /* LoginViewController.swift in Sources */ = {isa = PBXBuildFile; fileRef = 39BFA89A246EF8030086807D /* LoginViewController.swift */; };
		39BFA89D246EF80E0086807D /* LoadListViewController.swift in Sources */ = {isa = PBXBuildFile; fileRef = 39BFA89C246EF80E0086807D /* LoadListViewController.swift */; };
		39BFACA7246F35A70086807D /* homeworkTests.swift in Sources */ = {isa = PBXBuildFile; fileRef = 39BFACA6246F35A70086807D /* homeworkTests.swift */; };
		39BFACAE246F35B00086807D /* TripResponseTests.swift in Sources */ = {isa = PBXBuildFile; fileRef = 39BFAC98246F1C040086807D /* TripResponseTests.swift */; };
		39BFACB1246F54A30086807D /* PersistencyManager.swift in Sources */ = {isa = PBXBuildFile; fileRef = 39BFACB0246F54A30086807D /* PersistencyManager.swift */; };
		40119F21245B7C0500D97CB3 /* request_body.json in Resources */ = {isa = PBXBuildFile; fileRef = 40119F20245B7C0500D97CB3 /* request_body.json */; };
		66AB47D8243D1570000508FB /* AppDelegate.swift in Sources */ = {isa = PBXBuildFile; fileRef = 66AB47D7243D1570000508FB /* AppDelegate.swift */; };
		66AB47E1243D1572000508FB /* Assets.xcassets in Resources */ = {isa = PBXBuildFile; fileRef = 66AB47E0243D1572000508FB /* Assets.xcassets */; };
		66AB47E4243D1572000508FB /* LaunchScreen.storyboard in Resources */ = {isa = PBXBuildFile; fileRef = 66AB47E2243D1572000508FB /* LaunchScreen.storyboard */; };
		66AB47ED243D15EB000508FB /* Auth.swift in Sources */ = {isa = PBXBuildFile; fileRef = 66AB47EC243D15EB000508FB /* Auth.swift */; };
		66AB47EF243D1680000508FB /* DemoAuth.swift in Sources */ = {isa = PBXBuildFile; fileRef = 66AB47EE243D167F000508FB /* DemoAuth.swift */; };
		66AB47F4243D1B57000508FB /* Constants.swift in Sources */ = {isa = PBXBuildFile; fileRef = 66AB47F3243D1B57000508FB /* Constants.swift */; };
		87EC882248FCC06A32BE74EC /* Pods_homework.framework in Frameworks */ = {isa = PBXBuildFile; fileRef = 0D27B24D6D233654D06D5F6E /* Pods_homework.framework */; };
/* End PBXBuildFile section */

/* Begin PBXContainerItemProxy section */
		39BFACA9246F35A70086807D /* PBXContainerItemProxy */ = {
			isa = PBXContainerItemProxy;
			containerPortal = 66AB47CC243D1570000508FB /* Project object */;
			proxyType = 1;
			remoteGlobalIDString = 66AB47D3243D1570000508FB;
			remoteInfo = homework;
		};
/* End PBXContainerItemProxy section */

/* Begin PBXFileReference section */
		0D27B24D6D233654D06D5F6E /* Pods_homework.framework */ = {isa = PBXFileReference; explicitFileType = wrapper.framework; includeInIndex = 0; path = Pods_homework.framework; sourceTree = BUILT_PRODUCTS_DIR; };
		37F33EB8E24A1BD328BA669C /* Pods-homework.release.xcconfig */ = {isa = PBXFileReference; includeInIndex = 1; lastKnownFileType = text.xcconfig; name = "Pods-homework.release.xcconfig"; path = "Target Support Files/Pods-homework/Pods-homework.release.xcconfig"; sourceTree = "<group>"; };
		391D004124720735004F56D8 /* Load.swift */ = {isa = PBXFileReference; fileEncoding = 4; lastKnownFileType = sourcecode.swift; path = Load.swift; sourceTree = "<group>"; };
		391D004224720735004F56D8 /* Load+CoreDataProperties.swift */ = {isa = PBXFileReference; fileEncoding = 4; lastKnownFileType = sourcecode.swift; path = "Load+CoreDataProperties.swift"; sourceTree = "<group>"; };
		391D004324720735004F56D8 /* Trip+CoreDataProperties.swift */ = {isa = PBXFileReference; fileEncoding = 4; lastKnownFileType = sourcecode.swift; path = "Trip+CoreDataProperties.swift"; sourceTree = "<group>"; };
		391D004424720736004F56D8 /* Driver+CoreDataProperties.swift */ = {isa = PBXFileReference; fileEncoding = 4; lastKnownFileType = sourcecode.swift; path = "Driver+CoreDataProperties.swift"; sourceTree = "<group>"; };
		391D004524720736004F56D8 /* TruckingOrder+CoreDataProperties.swift */ = {isa = PBXFileReference; fileEncoding = 4; lastKnownFileType = sourcecode.swift; path = "TruckingOrder+CoreDataProperties.swift"; sourceTree = "<group>"; };
		391D004624720736004F56D8 /* Coordinate+CoreDataProperties.swift */ = {isa = PBXFileReference; fileEncoding = 4; lastKnownFileType = sourcecode.swift; path = "Coordinate+CoreDataProperties.swift"; sourceTree = "<group>"; };
		391D004724720736004F56D8 /* Driver.swift */ = {isa = PBXFileReference; fileEncoding = 4; lastKnownFileType = sourcecode.swift; path = Driver.swift; sourceTree = "<group>"; };
		391D004824720736004F56D8 /* Coordinate.swift */ = {isa = PBXFileReference; fileEncoding = 4; lastKnownFileType = sourcecode.swift; path = Coordinate.swift; sourceTree = "<group>"; };
		391D004924720736004F56D8 /* Trip.swift */ = {isa = PBXFileReference; fileEncoding = 4; lastKnownFileType = sourcecode.swift; path = Trip.swift; sourceTree = "<group>"; };
		391D004A24720736004F56D8 /* TruckingOrder.swift */ = {isa = PBXFileReference; fileEncoding = 4; lastKnownFileType = sourcecode.swift; path = TruckingOrder.swift; sourceTree = "<group>"; };
		391D0451247361A7004F56D8 /* CoreDataHelper.swift */ = {isa = PBXFileReference; lastKnownFileType = sourcecode.swift; path = CoreDataHelper.swift; sourceTree = "<group>"; };
		397EE951247205F30044A274 /* DriverData.xcdatamodel */ = {isa = PBXFileReference; lastKnownFileType = wrapper.xcdatamodel; path = DriverData.xcdatamodel; sourceTree = "<group>"; };
		39BFA88E246EF6B50086807D /* UserService.swift */ = {isa = PBXFileReference; lastKnownFileType = sourcecode.swift; path = UserService.swift; sourceTree = "<group>"; };
		39BFA890246EF6C40086807D /* DriverDataService.swift */ = {isa = PBXFileReference; lastKnownFileType = sourcecode.swift; path = DriverDataService.swift; sourceTree = "<group>"; };
		39BFA895246EF75F0086807D /* LoginView.swift */ = {isa = PBXFileReference; lastKnownFileType = sourcecode.swift; path = LoginView.swift; sourceTree = "<group>"; };
		39BFA897246EF76A0086807D /* MapView.swift */ = {isa = PBXFileReference; lastKnownFileType = sourcecode.swift; path = MapView.swift; sourceTree = "<group>"; };
		39BFA89A246EF8030086807D /* LoginViewController.swift */ = {isa = PBXFileReference; lastKnownFileType = sourcecode.swift; path = LoginViewController.swift; sourceTree = "<group>"; };
		39BFA89C246EF80E0086807D /* LoadListViewController.swift */ = {isa = PBXFileReference; lastKnownFileType = sourcecode.swift; path = LoadListViewController.swift; sourceTree = "<group>"; };
		39BFAC98246F1C040086807D /* TripResponseTests.swift */ = {isa = PBXFileReference; lastKnownFileType = sourcecode.swift; path = TripResponseTests.swift; sourceTree = "<group>"; };
		39BFAC9A246F1D020086807D /* mock_response.json */ = {isa = PBXFileReference; lastKnownFileType = text.json; path = mock_response.json; sourceTree = "<group>"; };
		39BFACA4246F35A70086807D /* homeworkTests.xctest */ = {isa = PBXFileReference; explicitFileType = wrapper.cfbundle; includeInIndex = 0; path = homeworkTests.xctest; sourceTree = BUILT_PRODUCTS_DIR; };
		39BFACA6246F35A70086807D /* homeworkTests.swift */ = {isa = PBXFileReference; lastKnownFileType = sourcecode.swift; path = homeworkTests.swift; sourceTree = "<group>"; };
		39BFACA8246F35A70086807D /* Info.plist */ = {isa = PBXFileReference; lastKnownFileType = text.plist.xml; path = Info.plist; sourceTree = "<group>"; };
		39BFACB0246F54A30086807D /* PersistencyManager.swift */ = {isa = PBXFileReference; lastKnownFileType = sourcecode.swift; path = PersistencyManager.swift; sourceTree = "<group>"; };
		40119F20245B7C0500D97CB3 /* request_body.json */ = {isa = PBXFileReference; fileEncoding = 4; lastKnownFileType = text.json; path = request_body.json; sourceTree = "<group>"; };
		66AB47D4243D1570000508FB /* homework.app */ = {isa = PBXFileReference; explicitFileType = wrapper.application; includeInIndex = 0; path = homework.app; sourceTree = BUILT_PRODUCTS_DIR; };
		66AB47D7243D1570000508FB /* AppDelegate.swift */ = {isa = PBXFileReference; lastKnownFileType = sourcecode.swift; path = AppDelegate.swift; sourceTree = "<group>"; };
		66AB47E0243D1572000508FB /* Assets.xcassets */ = {isa = PBXFileReference; lastKnownFileType = folder.assetcatalog; path = Assets.xcassets; sourceTree = "<group>"; };
		66AB47E3243D1572000508FB /* Base */ = {isa = PBXFileReference; lastKnownFileType = file.storyboard; name = Base; path = Base.lproj/LaunchScreen.storyboard; sourceTree = "<group>"; };
		66AB47E5243D1572000508FB /* Info.plist */ = {isa = PBXFileReference; lastKnownFileType = text.plist.xml; path = Info.plist; sourceTree = "<group>"; };
		66AB47EC243D15EB000508FB /* Auth.swift */ = {isa = PBXFileReference; lastKnownFileType = sourcecode.swift; path = Auth.swift; sourceTree = "<group>"; };
		66AB47EE243D167F000508FB /* DemoAuth.swift */ = {isa = PBXFileReference; lastKnownFileType = sourcecode.swift; path = DemoAuth.swift; sourceTree = "<group>"; };
		66AB47F3243D1B57000508FB /* Constants.swift */ = {isa = PBXFileReference; lastKnownFileType = sourcecode.swift; path = Constants.swift; sourceTree = "<group>"; };
		DE7F84BAC2F80C8424FE91F3 /* Pods-homework.debug.xcconfig */ = {isa = PBXFileReference; includeInIndex = 1; lastKnownFileType = text.xcconfig; name = "Pods-homework.debug.xcconfig"; path = "Target Support Files/Pods-homework/Pods-homework.debug.xcconfig"; sourceTree = "<group>"; };
/* End PBXFileReference section */

/* Begin PBXFrameworksBuildPhase section */
		39BFACA1246F35A70086807D /* Frameworks */ = {
			isa = PBXFrameworksBuildPhase;
			buildActionMask = 2147483647;
			files = (
			);
			runOnlyForDeploymentPostprocessing = 0;
		};
		66AB47D1243D1570000508FB /* Frameworks */ = {
			isa = PBXFrameworksBuildPhase;
			buildActionMask = 2147483647;
			files = (
				87EC882248FCC06A32BE74EC /* Pods_homework.framework in Frameworks */,
			);
			runOnlyForDeploymentPostprocessing = 0;
		};
/* End PBXFrameworksBuildPhase section */

/* Begin PBXGroup section */
		391D04502473619C004F56D8 /* Helpers */ = {
			isa = PBXGroup;
			children = (
				391D0451247361A7004F56D8 /* CoreDataHelper.swift */,
			);
			path = Helpers;
			sourceTree = "<group>";
		};
		39BFA889246EF6540086807D /* App */ = {
			isa = PBXGroup;
			children = (
				39BFA88B246EF66A0086807D /* Network */,
				39BFA88A246EF6610086807D /* Controller */,
				39BFA894246EF7480086807D /* View */,
			);
			path = App;
			sourceTree = "<group>";
		};
		39BFA88A246EF6610086807D /* Controller */ = {
			isa = PBXGroup;
			children = (
				39BFA89A246EF8030086807D /* LoginViewController.swift */,
				39BFA89C246EF80E0086807D /* LoadListViewController.swift */,
			);
			path = Controller;
			sourceTree = "<group>";
		};
		39BFA88B246EF66A0086807D /* Network */ = {
			isa = PBXGroup;
			children = (
				391D04502473619C004F56D8 /* Helpers */,
				39BFACAF246F54980086807D /* Managers */,
				39BFAC97246F1BCD0086807D /* Tests */,
				39BFA88D246EF68E0086807D /* Services */,
				39BFA88C246EF6840086807D /* Model */,
			);
			path = Network;
			sourceTree = "<group>";
		};
		39BFA88C246EF6840086807D /* Model */ = {
			isa = PBXGroup;
			children = (
				391D004824720736004F56D8 /* Coordinate.swift */,
				391D004624720736004F56D8 /* Coordinate+CoreDataProperties.swift */,
				391D004724720736004F56D8 /* Driver.swift */,
				391D004424720736004F56D8 /* Driver+CoreDataProperties.swift */,
				391D004124720735004F56D8 /* Load.swift */,
				391D004224720735004F56D8 /* Load+CoreDataProperties.swift */,
				391D004924720736004F56D8 /* Trip.swift */,
				391D004324720735004F56D8 /* Trip+CoreDataProperties.swift */,
				391D004A24720736004F56D8 /* TruckingOrder.swift */,
				391D004524720736004F56D8 /* TruckingOrder+CoreDataProperties.swift */,
			);
			path = Model;
			sourceTree = "<group>";
		};
		39BFA88D246EF68E0086807D /* Services */ = {
			isa = PBXGroup;
			children = (
				39BFA88E246EF6B50086807D /* UserService.swift */,
				39BFA890246EF6C40086807D /* DriverDataService.swift */,
			);
			path = Services;
			sourceTree = "<group>";
		};
		39BFA894246EF7480086807D /* View */ = {
			isa = PBXGroup;
			children = (
				39BFA895246EF75F0086807D /* LoginView.swift */,
				39BFA897246EF76A0086807D /* MapView.swift */,
			);
			path = View;
			sourceTree = "<group>";
		};
		39BFA899246EF7970086807D /* Supporting Files */ = {
			isa = PBXGroup;
			children = (
				66AB47D7243D1570000508FB /* AppDelegate.swift */,
				66AB47E0243D1572000508FB /* Assets.xcassets */,
				66AB47E2243D1572000508FB /* LaunchScreen.storyboard */,
				66AB47E5243D1572000508FB /* Info.plist */,
			);
			path = "Supporting Files";
			sourceTree = "<group>";
		};
		39BFAC97246F1BCD0086807D /* Tests */ = {
			isa = PBXGroup;
			children = (
				39BFAC98246F1C040086807D /* TripResponseTests.swift */,
				39BFAC9B246F1DC50086807D /* Mocks */,
			);
			path = Tests;
			sourceTree = "<group>";
		};
		39BFAC9B246F1DC50086807D /* Mocks */ = {
			isa = PBXGroup;
			children = (
				39BFAC9A246F1D020086807D /* mock_response.json */,
				40119F20245B7C0500D97CB3 /* request_body.json */,
			);
			path = Mocks;
			sourceTree = "<group>";
		};
		39BFACA5246F35A70086807D /* homeworkTests */ = {
			isa = PBXGroup;
			children = (
				39BFACA6246F35A70086807D /* homeworkTests.swift */,
				39BFACA8246F35A70086807D /* Info.plist */,
			);
			path = homeworkTests;
			sourceTree = "<group>";
		};
		39BFACAF246F54980086807D /* Managers */ = {
			isa = PBXGroup;
			children = (
				39BFACB0246F54A30086807D /* PersistencyManager.swift */,
			);
			path = Managers;
			sourceTree = "<group>";
		};
		39BFACB4246F5EA70086807D /* CoreData */ = {
			isa = PBXGroup;
			children = (
				397EE951247205F30044A274 /* DriverData.xcdatamodel */,
			);
			path = CoreData;
			sourceTree = "<group>";
		};
		66AB47CB243D1570000508FB = {
			isa = PBXGroup;
			children = (
				66AB47D6243D1570000508FB /* homework */,
				39BFACA5246F35A70086807D /* homeworkTests */,
				66AB47D5243D1570000508FB /* Products */,
				CE68B63070177FED54590BA9 /* Pods */,
				CC6D264C54197275CA648C81 /* Frameworks */,
			);
			sourceTree = "<group>";
		};
		66AB47D5243D1570000508FB /* Products */ = {
			isa = PBXGroup;
			children = (
				66AB47D4243D1570000508FB /* homework.app */,
				39BFACA4246F35A70086807D /* homeworkTests.xctest */,
			);
			name = Products;
			sourceTree = "<group>";
		};
		66AB47D6243D1570000508FB /* homework */ = {
			isa = PBXGroup;
			children = (
				39BFACB4246F5EA70086807D /* CoreData */,
				39BFA889246EF6540086807D /* App */,
				66AB47F2243D1B41000508FB /* Bridge */,
				66AB47EB243D15DE000508FB /* Internal */,
				39BFA899246EF7970086807D /* Supporting Files */,
			);
			path = homework;
			sourceTree = "<group>";
		};
		66AB47EB243D15DE000508FB /* Internal */ = {
			isa = PBXGroup;
			children = (
				66AB47EE243D167F000508FB /* DemoAuth.swift */,
			);
			path = Internal;
			sourceTree = "<group>";
		};
		66AB47F2243D1B41000508FB /* Bridge */ = {
			isa = PBXGroup;
			children = (
				66AB47EC243D15EB000508FB /* Auth.swift */,
				66AB47F3243D1B57000508FB /* Constants.swift */,
			);
			path = Bridge;
			sourceTree = "<group>";
		};
		CC6D264C54197275CA648C81 /* Frameworks */ = {
			isa = PBXGroup;
			children = (
				0D27B24D6D233654D06D5F6E /* Pods_homework.framework */,
			);
			name = Frameworks;
			sourceTree = "<group>";
		};
		CE68B63070177FED54590BA9 /* Pods */ = {
			isa = PBXGroup;
			children = (
				DE7F84BAC2F80C8424FE91F3 /* Pods-homework.debug.xcconfig */,
				37F33EB8E24A1BD328BA669C /* Pods-homework.release.xcconfig */,
			);
			path = Pods;
			sourceTree = "<group>";
		};
/* End PBXGroup section */

/* Begin PBXNativeTarget section */
		39BFACA3246F35A70086807D /* homeworkTests */ = {
			isa = PBXNativeTarget;
			buildConfigurationList = 39BFACAB246F35A70086807D /* Build configuration list for PBXNativeTarget "homeworkTests" */;
			buildPhases = (
				39BFACA0246F35A70086807D /* Sources */,
				39BFACA1246F35A70086807D /* Frameworks */,
				39BFACA2246F35A70086807D /* Resources */,
			);
			buildRules = (
			);
			dependencies = (
				39BFACAA246F35A70086807D /* PBXTargetDependency */,
			);
			name = homeworkTests;
			productName = homeworkTests;
			productReference = 39BFACA4246F35A70086807D /* homeworkTests.xctest */;
			productType = "com.apple.product-type.bundle.unit-test";
		};
		66AB47D3243D1570000508FB /* homework */ = {
			isa = PBXNativeTarget;
			buildConfigurationList = 66AB47E8243D1572000508FB /* Build configuration list for PBXNativeTarget "homework" */;
			buildPhases = (
				D0B1B82E969D2C61ECB15577 /* [CP] Check Pods Manifest.lock */,
				66AB47D0243D1570000508FB /* Sources */,
				66AB47D1243D1570000508FB /* Frameworks */,
				66AB47D2243D1570000508FB /* Resources */,
				E263C248D68B9BD1B356AC4A /* [CP] Embed Pods Frameworks */,
			);
			buildRules = (
			);
			dependencies = (
			);
			name = homework;
			productName = homework;
			productReference = 66AB47D4243D1570000508FB /* homework.app */;
			productType = "com.apple.product-type.application";
		};
/* End PBXNativeTarget section */

/* Begin PBXProject section */
		66AB47CC243D1570000508FB /* Project object */ = {
			isa = PBXProject;
			attributes = {
				LastSwiftUpdateCheck = 1130;
				LastUpgradeCheck = 1130;
				ORGANIZATIONNAME = Indigo;
				TargetAttributes = {
					39BFACA3246F35A70086807D = {
						CreatedOnToolsVersion = 11.3.1;
						TestTargetID = 66AB47D3243D1570000508FB;
					};
					66AB47D3243D1570000508FB = {
						CreatedOnToolsVersion = 11.3.1;
					};
				};
			};
			buildConfigurationList = 66AB47CF243D1570000508FB /* Build configuration list for PBXProject "homework" */;
			compatibilityVersion = "Xcode 9.3";
			developmentRegion = en;
			hasScannedForEncodings = 0;
			knownRegions = (
				en,
				Base,
			);
			mainGroup = 66AB47CB243D1570000508FB;
			productRefGroup = 66AB47D5243D1570000508FB /* Products */;
			projectDirPath = "";
			projectRoot = "";
			targets = (
				66AB47D3243D1570000508FB /* homework */,
				39BFACA3246F35A70086807D /* homeworkTests */,
			);
		};
/* End PBXProject section */

/* Begin PBXResourcesBuildPhase section */
		39BFACA2246F35A70086807D /* Resources */ = {
			isa = PBXResourcesBuildPhase;
			buildActionMask = 2147483647;
			files = (
			);
			runOnlyForDeploymentPostprocessing = 0;
		};
		66AB47D2243D1570000508FB /* Resources */ = {
			isa = PBXResourcesBuildPhase;
			buildActionMask = 2147483647;
			files = (
				66AB47E4243D1572000508FB /* LaunchScreen.storyboard in Resources */,
				66AB47E1243D1572000508FB /* Assets.xcassets in Resources */,
				40119F21245B7C0500D97CB3 /* request_body.json in Resources */,
			);
			runOnlyForDeploymentPostprocessing = 0;
		};
/* End PBXResourcesBuildPhase section */

/* Begin PBXShellScriptBuildPhase section */
		D0B1B82E969D2C61ECB15577 /* [CP] Check Pods Manifest.lock */ = {
			isa = PBXShellScriptBuildPhase;
			buildActionMask = 2147483647;
			files = (
			);
			inputFileListPaths = (
			);
			inputPaths = (
				"${PODS_PODFILE_DIR_PATH}/Podfile.lock",
				"${PODS_ROOT}/Manifest.lock",
			);
			name = "[CP] Check Pods Manifest.lock";
			outputFileListPaths = (
			);
			outputPaths = (
				"$(DERIVED_FILE_DIR)/Pods-homework-checkManifestLockResult.txt",
			);
			runOnlyForDeploymentPostprocessing = 0;
			shellPath = /bin/sh;
			shellScript = "diff \"${PODS_PODFILE_DIR_PATH}/Podfile.lock\" \"${PODS_ROOT}/Manifest.lock\" > /dev/null\nif [ $? != 0 ] ; then\n    # print error to STDERR\n    echo \"error: The sandbox is not in sync with the Podfile.lock. Run 'pod install' or update your CocoaPods installation.\" >&2\n    exit 1\nfi\n# This output is used by Xcode 'outputs' to avoid re-running this script phase.\necho \"SUCCESS\" > \"${SCRIPT_OUTPUT_FILE_0}\"\n";
			showEnvVarsInLog = 0;
		};
		E263C248D68B9BD1B356AC4A /* [CP] Embed Pods Frameworks */ = {
			isa = PBXShellScriptBuildPhase;
			buildActionMask = 2147483647;
			files = (
			);
			inputFileListPaths = (
				"${PODS_ROOT}/Target Support Files/Pods-homework/Pods-homework-frameworks-${CONFIGURATION}-input-files.xcfilelist",
			);
			name = "[CP] Embed Pods Frameworks";
			outputFileListPaths = (
				"${PODS_ROOT}/Target Support Files/Pods-homework/Pods-homework-frameworks-${CONFIGURATION}-output-files.xcfilelist",
			);
			runOnlyForDeploymentPostprocessing = 0;
			shellPath = /bin/sh;
			shellScript = "\"${PODS_ROOT}/Target Support Files/Pods-homework/Pods-homework-frameworks.sh\"\n";
			showEnvVarsInLog = 0;
		};
/* End PBXShellScriptBuildPhase section */

/* Begin PBXSourcesBuildPhase section */
		39BFACA0246F35A70086807D /* Sources */ = {
			isa = PBXSourcesBuildPhase;
			buildActionMask = 2147483647;
			files = (
				39BFACA7246F35A70086807D /* homeworkTests.swift in Sources */,
				39BFACAE246F35B00086807D /* TripResponseTests.swift in Sources */,
			);
			runOnlyForDeploymentPostprocessing = 0;
		};
		66AB47D0243D1570000508FB /* Sources */ = {
			isa = PBXSourcesBuildPhase;
			buildActionMask = 2147483647;
			files = (
				66AB47EF243D1680000508FB /* DemoAuth.swift in Sources */,
				391D0452247361A7004F56D8 /* CoreDataHelper.swift in Sources */,
				391D005324720736004F56D8 /* Trip.swift in Sources */,
				391D004E24720736004F56D8 /* Driver+CoreDataProperties.swift in Sources */,
				391D004C24720736004F56D8 /* Load+CoreDataProperties.swift in Sources */,
				39BFA896246EF75F0086807D /* LoginView.swift in Sources */,
				391D004D24720736004F56D8 /* Trip+CoreDataProperties.swift in Sources */,
				39BFA88F246EF6B50086807D /* UserService.swift in Sources */,
				66AB47D8243D1570000508FB /* AppDelegate.swift in Sources */,
				66AB47ED243D15EB000508FB /* Auth.swift in Sources */,
				391D004B24720736004F56D8 /* Load.swift in Sources */,
				39BFA898246EF76A0086807D /* MapView.swift in Sources */,
				66AB47F4243D1B57000508FB /* Constants.swift in Sources */,
				39BFACB1246F54A30086807D /* PersistencyManager.swift in Sources */,
				397EE952247205F30044A274 /* DriverData.xcdatamodel in Sources */,
				39BFA89B246EF8030086807D /* LoginViewController.swift in Sources */,
				391D005424720736004F56D8 /* TruckingOrder.swift in Sources */,
				39BFA891246EF6C40086807D /* DriverDataService.swift in Sources */,
				391D004F24720736004F56D8 /* TruckingOrder+CoreDataProperties.swift in Sources */,
				39BFA89D246EF80E0086807D /* LoadListViewController.swift in Sources */,
				391D005224720736004F56D8 /* Coordinate.swift in Sources */,
				391D005024720736004F56D8 /* Coordinate+CoreDataProperties.swift in Sources */,
				391D005124720736004F56D8 /* Driver.swift in Sources */,
			);
			runOnlyForDeploymentPostprocessing = 0;
		};
/* End PBXSourcesBuildPhase section */

/* Begin PBXTargetDependency section */
		39BFACAA246F35A70086807D /* PBXTargetDependency */ = {
			isa = PBXTargetDependency;
			target = 66AB47D3243D1570000508FB /* homework */;
			targetProxy = 39BFACA9246F35A70086807D /* PBXContainerItemProxy */;
		};
/* End PBXTargetDependency section */

/* Begin PBXVariantGroup section */
		66AB47E2243D1572000508FB /* LaunchScreen.storyboard */ = {
			isa = PBXVariantGroup;
			children = (
				66AB47E3243D1572000508FB /* Base */,
			);
			name = LaunchScreen.storyboard;
			sourceTree = "<group>";
		};
/* End PBXVariantGroup section */

/* Begin XCBuildConfiguration section */
		39BFACAC246F35A70086807D /* Debug */ = {
			isa = XCBuildConfiguration;
			buildSettings = {
				BUNDLE_LOADER = "$(TEST_HOST)";
				CODE_SIGN_STYLE = Automatic;
				DEVELOPMENT_TEAM = 2499Y3EK3Q;
				INFOPLIST_FILE = homeworkTests/Info.plist;
				LD_RUNPATH_SEARCH_PATHS = (
					"$(inherited)",
					"@executable_path/Frameworks",
					"@loader_path/Frameworks",
				);
				PRODUCT_BUNDLE_IDENTIFIER = com.naomischettini.homeworkTests;
				PRODUCT_NAME = "$(TARGET_NAME)";
				SWIFT_VERSION = 5.0;
				TARGETED_DEVICE_FAMILY = "1,2";
				TEST_HOST = "$(BUILT_PRODUCTS_DIR)/homework.app/homework";
			};
			name = Debug;
		};
		39BFACAD246F35A70086807D /* Release */ = {
			isa = XCBuildConfiguration;
			buildSettings = {
				BUNDLE_LOADER = "$(TEST_HOST)";
				CODE_SIGN_STYLE = Automatic;
				DEVELOPMENT_TEAM = 2499Y3EK3Q;
				INFOPLIST_FILE = homeworkTests/Info.plist;
				LD_RUNPATH_SEARCH_PATHS = (
					"$(inherited)",
					"@executable_path/Frameworks",
					"@loader_path/Frameworks",
				);
				PRODUCT_BUNDLE_IDENTIFIER = com.naomischettini.homeworkTests;
				PRODUCT_NAME = "$(TARGET_NAME)";
				SWIFT_VERSION = 5.0;
				TARGETED_DEVICE_FAMILY = "1,2";
				TEST_HOST = "$(BUILT_PRODUCTS_DIR)/homework.app/homework";
			};
			name = Release;
		};
		66AB47E6243D1572000508FB /* Debug */ = {
			isa = XCBuildConfiguration;
			buildSettings = {
				ALWAYS_SEARCH_USER_PATHS = NO;
				CLANG_ANALYZER_NONNULL = YES;
				CLANG_ANALYZER_NUMBER_OBJECT_CONVERSION = YES_AGGRESSIVE;
				CLANG_CXX_LANGUAGE_STANDARD = "gnu++14";
				CLANG_CXX_LIBRARY = "libc++";
				CLANG_ENABLE_MODULES = YES;
				CLANG_ENABLE_OBJC_ARC = YES;
				CLANG_ENABLE_OBJC_WEAK = YES;
				CLANG_WARN_BLOCK_CAPTURE_AUTORELEASING = YES;
				CLANG_WARN_BOOL_CONVERSION = YES;
				CLANG_WARN_COMMA = YES;
				CLANG_WARN_CONSTANT_CONVERSION = YES;
				CLANG_WARN_DEPRECATED_OBJC_IMPLEMENTATIONS = YES;
				CLANG_WARN_DIRECT_OBJC_ISA_USAGE = YES_ERROR;
				CLANG_WARN_DOCUMENTATION_COMMENTS = YES;
				CLANG_WARN_EMPTY_BODY = YES;
				CLANG_WARN_ENUM_CONVERSION = YES;
				CLANG_WARN_INFINITE_RECURSION = YES;
				CLANG_WARN_INT_CONVERSION = YES;
				CLANG_WARN_NON_LITERAL_NULL_CONVERSION = YES;
				CLANG_WARN_OBJC_IMPLICIT_RETAIN_SELF = YES;
				CLANG_WARN_OBJC_LITERAL_CONVERSION = YES;
				CLANG_WARN_OBJC_ROOT_CLASS = YES_ERROR;
				CLANG_WARN_RANGE_LOOP_ANALYSIS = YES;
				CLANG_WARN_STRICT_PROTOTYPES = YES;
				CLANG_WARN_SUSPICIOUS_MOVE = YES;
				CLANG_WARN_UNGUARDED_AVAILABILITY = YES_AGGRESSIVE;
				CLANG_WARN_UNREACHABLE_CODE = YES;
				CLANG_WARN__DUPLICATE_METHOD_MATCH = YES;
				COPY_PHASE_STRIP = NO;
				DEBUG_INFORMATION_FORMAT = dwarf;
				ENABLE_STRICT_OBJC_MSGSEND = YES;
				ENABLE_TESTABILITY = YES;
				GCC_C_LANGUAGE_STANDARD = gnu11;
				GCC_DYNAMIC_NO_PIC = NO;
				GCC_NO_COMMON_BLOCKS = YES;
				GCC_OPTIMIZATION_LEVEL = 0;
				GCC_PREPROCESSOR_DEFINITIONS = (
					"DEBUG=1",
					"$(inherited)",
				);
				GCC_WARN_64_TO_32_BIT_CONVERSION = YES;
				GCC_WARN_ABOUT_RETURN_TYPE = YES_ERROR;
				GCC_WARN_UNDECLARED_SELECTOR = YES;
				GCC_WARN_UNINITIALIZED_AUTOS = YES_AGGRESSIVE;
				GCC_WARN_UNUSED_FUNCTION = YES;
				GCC_WARN_UNUSED_VARIABLE = YES;
				IPHONEOS_DEPLOYMENT_TARGET = 13.2;
				MTL_ENABLE_DEBUG_INFO = INCLUDE_SOURCE;
				MTL_FAST_MATH = YES;
				ONLY_ACTIVE_ARCH = YES;
				SDKROOT = iphoneos;
				SWIFT_ACTIVE_COMPILATION_CONDITIONS = DEBUG;
				SWIFT_OPTIMIZATION_LEVEL = "-Onone";
				SWIFT_VERSION = "";
			};
			name = Debug;
		};
		66AB47E7243D1572000508FB /* Release */ = {
			isa = XCBuildConfiguration;
			buildSettings = {
				ALWAYS_SEARCH_USER_PATHS = NO;
				CLANG_ANALYZER_NONNULL = YES;
				CLANG_ANALYZER_NUMBER_OBJECT_CONVERSION = YES_AGGRESSIVE;
				CLANG_CXX_LANGUAGE_STANDARD = "gnu++14";
				CLANG_CXX_LIBRARY = "libc++";
				CLANG_ENABLE_MODULES = YES;
				CLANG_ENABLE_OBJC_ARC = YES;
				CLANG_ENABLE_OBJC_WEAK = YES;
				CLANG_WARN_BLOCK_CAPTURE_AUTORELEASING = YES;
				CLANG_WARN_BOOL_CONVERSION = YES;
				CLANG_WARN_COMMA = YES;
				CLANG_WARN_CONSTANT_CONVERSION = YES;
				CLANG_WARN_DEPRECATED_OBJC_IMPLEMENTATIONS = YES;
				CLANG_WARN_DIRECT_OBJC_ISA_USAGE = YES_ERROR;
				CLANG_WARN_DOCUMENTATION_COMMENTS = YES;
				CLANG_WARN_EMPTY_BODY = YES;
				CLANG_WARN_ENUM_CONVERSION = YES;
				CLANG_WARN_INFINITE_RECURSION = YES;
				CLANG_WARN_INT_CONVERSION = YES;
				CLANG_WARN_NON_LITERAL_NULL_CONVERSION = YES;
				CLANG_WARN_OBJC_IMPLICIT_RETAIN_SELF = YES;
				CLANG_WARN_OBJC_LITERAL_CONVERSION = YES;
				CLANG_WARN_OBJC_ROOT_CLASS = YES_ERROR;
				CLANG_WARN_RANGE_LOOP_ANALYSIS = YES;
				CLANG_WARN_STRICT_PROTOTYPES = YES;
				CLANG_WARN_SUSPICIOUS_MOVE = YES;
				CLANG_WARN_UNGUARDED_AVAILABILITY = YES_AGGRESSIVE;
				CLANG_WARN_UNREACHABLE_CODE = YES;
				CLANG_WARN__DUPLICATE_METHOD_MATCH = YES;
				COPY_PHASE_STRIP = NO;
				DEBUG_INFORMATION_FORMAT = "dwarf-with-dsym";
				ENABLE_NS_ASSERTIONS = NO;
				ENABLE_STRICT_OBJC_MSGSEND = YES;
				GCC_C_LANGUAGE_STANDARD = gnu11;
				GCC_NO_COMMON_BLOCKS = YES;
				GCC_WARN_64_TO_32_BIT_CONVERSION = YES;
				GCC_WARN_ABOUT_RETURN_TYPE = YES_ERROR;
				GCC_WARN_UNDECLARED_SELECTOR = YES;
				GCC_WARN_UNINITIALIZED_AUTOS = YES_AGGRESSIVE;
				GCC_WARN_UNUSED_FUNCTION = YES;
				GCC_WARN_UNUSED_VARIABLE = YES;
				IPHONEOS_DEPLOYMENT_TARGET = 13.2;
				MTL_ENABLE_DEBUG_INFO = NO;
				MTL_FAST_MATH = YES;
				SDKROOT = iphoneos;
				SWIFT_COMPILATION_MODE = wholemodule;
				SWIFT_OPTIMIZATION_LEVEL = "-O";
				SWIFT_VERSION = "";
				VALIDATE_PRODUCT = YES;
			};
			name = Release;
		};
		66AB47E9243D1572000508FB /* Debug */ = {
			isa = XCBuildConfiguration;
			baseConfigurationReference = DE7F84BAC2F80C8424FE91F3 /* Pods-homework.debug.xcconfig */;
			buildSettings = {
				ASSETCATALOG_COMPILER_APPICON_NAME = AppIcon;
				CODE_SIGN_STYLE = Automatic;
				DEVELOPMENT_TEAM = Y7D24J646Q;
				INFOPLIST_FILE = "homework/Supporting Files/Info.plist";
				LD_RUNPATH_SEARCH_PATHS = (
					"$(inherited)",
					"@executable_path/Frameworks",
				);
				PRODUCT_BUNDLE_IDENTIFIER = com.indigoag.homework;
				PRODUCT_NAME = "$(TARGET_NAME)";
				SWIFT_VERSION = 5.0;
				TARGETED_DEVICE_FAMILY = "1,2";
			};
			name = Debug;
		};
		66AB47EA243D1572000508FB /* Release */ = {
			isa = XCBuildConfiguration;
			baseConfigurationReference = 37F33EB8E24A1BD328BA669C /* Pods-homework.release.xcconfig */;
			buildSettings = {
				ASSETCATALOG_COMPILER_APPICON_NAME = AppIcon;
				CODE_SIGN_STYLE = Automatic;
				DEVELOPMENT_TEAM = Y7D24J646Q;
				INFOPLIST_FILE = "homework/Supporting Files/Info.plist";
				LD_RUNPATH_SEARCH_PATHS = (
					"$(inherited)",
					"@executable_path/Frameworks",
				);
				PRODUCT_BUNDLE_IDENTIFIER = com.indigoag.homework;
				PRODUCT_NAME = "$(TARGET_NAME)";
				SWIFT_VERSION = 5.0;
				TARGETED_DEVICE_FAMILY = "1,2";
			};
			name = Release;
		};
/* End XCBuildConfiguration section */

/* Begin XCConfigurationList section */
		39BFACAB246F35A70086807D /* Build configuration list for PBXNativeTarget "homeworkTests" */ = {
			isa = XCConfigurationList;
			buildConfigurations = (
				39BFACAC246F35A70086807D /* Debug */,
				39BFACAD246F35A70086807D /* Release */,
			);
			defaultConfigurationIsVisible = 0;
			defaultConfigurationName = Release;
		};
		66AB47CF243D1570000508FB /* Build configuration list for PBXProject "homework" */ = {
			isa = XCConfigurationList;
			buildConfigurations = (
				66AB47E6243D1572000508FB /* Debug */,
				66AB47E7243D1572000508FB /* Release */,
			);
			defaultConfigurationIsVisible = 0;
			defaultConfigurationName = Release;
		};
		66AB47E8243D1572000508FB /* Build configuration list for PBXNativeTarget "homework" */ = {
			isa = XCConfigurationList;
			buildConfigurations = (
				66AB47E9243D1572000508FB /* Debug */,
				66AB47EA243D1572000508FB /* Release */,
			);
			defaultConfigurationIsVisible = 0;
			defaultConfigurationName = Release;
		};
/* End XCConfigurationList section */
	};
	rootObject = 66AB47CC243D1570000508FB /* Project object */;
}
